// !$*UTF8*$!
{
	archiveVersion = 1;
	classes = {
	};
	objectVersion = 46;
	objects = {

/* Begin PBXBuildFile section */
		3A43DB8816042611001BB92E /* UIKit.framework in Frameworks */ = {isa = PBXBuildFile; fileRef = 3A43DB8716042611001BB92E /* UIKit.framework */; };
		3A43DB8A16042611001BB92E /* Foundation.framework in Frameworks */ = {isa = PBXBuildFile; fileRef = 3A43DB8916042611001BB92E /* Foundation.framework */; };
		3A43DB8C16042611001BB92E /* CoreGraphics.framework in Frameworks */ = {isa = PBXBuildFile; fileRef = 3A43DB8B16042611001BB92E /* CoreGraphics.framework */; };
		3A43DB9216042611001BB92E /* InfoPlist.strings in Resources */ = {isa = PBXBuildFile; fileRef = 3A43DB9016042611001BB92E /* InfoPlist.strings */; };
		3A43DB9416042611001BB92E /* main.m in Sources */ = {isa = PBXBuildFile; fileRef = 3A43DB9316042611001BB92E /* main.m */; };
		3A43DB9816042611001BB92E /* AppDelegate.m in Sources */ = {isa = PBXBuildFile; fileRef = 3A43DB9716042611001BB92E /* AppDelegate.m */; };
		3A43DB9B16042611001BB92E /* ViewController.m in Sources */ = {isa = PBXBuildFile; fileRef = 3A43DB9A16042611001BB92E /* ViewController.m */; };
		3A43DB9E16042611001BB92E /* ViewController.xib in Resources */ = {isa = PBXBuildFile; fileRef = 3A43DB9C16042611001BB92E /* ViewController.xib */; };
/* End PBXBuildFile section */

/* Begin PBXFileReference section */
		3A43DB8316042611001BB92E /* AOCweek4.app */ = {isa = PBXFileReference; explicitFileType = wrapper.application; includeInIndex = 0; path = AOCweek4.app; sourceTree = BUILT_PRODUCTS_DIR; };
		3A43DB8716042611001BB92E /* UIKit.framework */ = {isa = PBXFileReference; lastKnownFileType = wrapper.framework; name = UIKit.framework; path = System/Library/Frameworks/UIKit.framework; sourceTree = SDKROOT; };
		3A43DB8916042611001BB92E /* Foundation.framework */ = {isa = PBXFileReference; lastKnownFileType = wrapper.framework; name = Foundation.framework; path = System/Library/Frameworks/Foundation.framework; sourceTree = SDKROOT; };
		3A43DB8B16042611001BB92E /* CoreGraphics.framework */ = {isa = PBXFileReference; lastKnownFileType = wrapper.framework; name = CoreGraphics.framework; path = System/Library/Frameworks/CoreGraphics.framework; sourceTree = SDKROOT; };
		3A43DB8F16042611001BB92E /* AOCweek4-Info.plist */ = {isa = PBXFileReference; lastKnownFileType = text.plist.xml; path = "AOCweek4-Info.plist"; sourceTree = "<group>"; };
		3A43DB9116042611001BB92E /* en */ = {isa = PBXFileReference; lastKnownFileType = text.plist.strings; name = en; path = en.lproj/InfoPlist.strings; sourceTree = "<group>"; };
		3A43DB9316042611001BB92E /* main.m */ = {isa = PBXFileReference; lastKnownFileType = sourcecode.c.objc; path = main.m; sourceTree = "<group>"; };
		3A43DB9516042611001BB92E /* AOCweek4-Prefix.pch */ = {isa = PBXFileReference; lastKnownFileType = sourcecode.c.h; path = "AOCweek4-Prefix.pch"; sourceTree = "<group>"; };
		3A43DB9616042611001BB92E /* AppDelegate.h */ = {isa = PBXFileReference; lastKnownFileType = sourcecode.c.h; path = AppDelegate.h; sourceTree = "<group>"; };
		3A43DB9716042611001BB92E /* AppDelegate.m */ = {isa = PBXFileReference; lastKnownFileType = sourcecode.c.objc; path = AppDelegate.m; sourceTree = "<group>"; };
		3A43DB9916042611001BB92E /* ViewController.h */ = {isa = PBXFileReference; lastKnownFileType = sourcecode.c.h; path = ViewController.h; sourceTree = "<group>"; };
		3A43DB9A16042611001BB92E /* ViewController.m */ = {isa = PBXFileReference; lastKnownFileType = sourcecode.c.objc; path = ViewController.m; sourceTree = "<group>"; };
		3A43DB9D16042611001BB92E /* en */ = {isa = PBXFileReference; lastKnownFileType = file.xib; name = en; path = en.lproj/ViewController.xib; sourceTree = "<group>"; };
/* End PBXFileReference section */

/* Begin PBXFrameworksBuildPhase section */
		3A43DB8016042611001BB92E /* Frameworks */ = {
			isa = PBXFrameworksBuildPhase;
			buildActionMask = 2147483647;
			files = (
				3A43DB8816042611001BB92E /* UIKit.framework in Frameworks */,
				3A43DB8A16042611001BB92E /* Foundation.framework in Frameworks */,
				3A43DB8C16042611001BB92E /* CoreGraphics.framework in Frameworks */,
			);
			runOnlyForDeploymentPostprocessing = 0;
		};
/* End PBXFrameworksBuildPhase section */

/* Begin PBXGroup section */
		3A43DB7816042611001BB92E = {
			isa = PBXGroup;
			children = (
				3A43DB8D16042611001BB92E /* AOCweek4 */,
				3A43DB8616042611001BB92E /* Frameworks */,
				3A43DB8416042611001BB92E /* Products */,
			);
			sourceTree = "<group>";
		};
		3A43DB8416042611001BB92E /* Products */ = {
			isa = PBXGroup;
			children = (
				3A43DB8316042611001BB92E /* AOCweek4.app */,
			);
			name = Products;
			sourceTree = "<group>";
		};
		3A43DB8616042611001BB92E /* Frameworks */ = {
			isa = PBXGroup;
			children = (
				3A43DB8716042611001BB92E /* UIKit.framework */,
				3A43DB8916042611001BB92E /* Foundation.framework */,
				3A43DB8B16042611001BB92E /* CoreGraphics.framework */,
			);
			name = Frameworks;
			sourceTree = "<group>";
		};
		3A43DB8D16042611001BB92E /* AOCweek4 */ = {
			isa = PBXGroup;
			children = (
				3A43DB9616042611001BB92E /* AppDelegate.h */,
				3A43DB9716042611001BB92E /* AppDelegate.m */,
				3A43DB9916042611001BB92E /* ViewController.h */,
				3A43DB9A16042611001BB92E /* ViewController.m */,
				3A43DB9C16042611001BB92E /* ViewController.xib */,
				3A43DB8E16042611001BB92E /* Supporting Files */,
			);
			path = AOCweek4;
			sourceTree = "<group>";
		};
		3A43DB8E16042611001BB92E /* Supporting Files */ = {
			isa = PBXGroup;
			children = (
				3A43DB8F16042611001BB92E /* AOCweek4-Info.plist */,
				3A43DB9016042611001BB92E /* InfoPlist.strings */,
				3A43DB9316042611001BB92E /* main.m */,
				3A43DB9516042611001BB92E /* AOCweek4-Prefix.pch */,
			);
			name = "Supporting Files";
			sourceTree = "<group>";
		};
/* End PBXGroup section */

/* Begin PBXNativeTarget section */
		3A43DB8216042611001BB92E /* AOCweek4 */ = {
			isa = PBXNativeTarget;
			buildConfigurationList = 3A43DBA116042611001BB92E /* Build configuration list for PBXNativeTarget "AOCweek4" */;
			buildPhases = (
				3A43DB7F16042611001BB92E /* Sources */,
				3A43DB8016042611001BB92E /* Frameworks */,
				3A43DB8116042611001BB92E /* Resources */,
			);
			buildRules = (
			);
			dependencies = (
			);
			name = AOCweek4;
			productName = AOCweek4;
			productReference = 3A43DB8316042611001BB92E /* AOCweek4.app */;
			productType = "com.apple.product-type.application";
		};
/* End PBXNativeTarget section */

/* Begin PBXProject section */
		3A43DB7A16042611001BB92E /* Project object */ = {
			isa = PBXProject;
			attributes = {
				LastUpgradeCheck = 0440;
				ORGANIZATIONNAME = "Janis Jae";
			};
			buildConfigurationList = 3A43DB7D16042611001BB92E /* Build configuration list for PBXProject "AOCweek4" */;
			compatibilityVersion = "Xcode 3.2";
			developmentRegion = English;
			hasScannedForEncodings = 0;
			knownRegions = (
				en,
			);
			mainGroup = 3A43DB7816042611001BB92E;
			productRefGroup = 3A43DB8416042611001BB92E /* Products */;
			projectDirPath = "";
			projectRoot = "";
			targets = (
				3A43DB8216042611001BB92E /* AOCweek4 */,
			);
		};
/* End PBXProject section */

/* Begin PBXResourcesBuildPhase section */
		3A43DB8116042611001BB92E /* Resources */ = {
			isa = PBXResourcesBuildPhase;
			buildActionMask = 2147483647;
			files = (
				3A43DB9216042611001BB92E /* InfoPlist.strings in Resources */,
				3A43DB9E16042611001BB92E /* ViewController.xib in Resources */,
			);
			runOnlyForDeploymentPostprocessing = 0;
		};
/* End PBXResourcesBuildPhase section */

/* Begin PBXSourcesBuildPhase section */
		3A43DB7F16042611001BB92E /* Sources */ = {
			isa = PBXSourcesBuildPhase;
			buildActionMask = 2147483647;
			files = (
				3A43DB9416042611001BB92E /* main.m in Sources */,
				3A43DB9816042611001BB92E /* AppDelegate.m in Sources */,
				3A43DB9B16042611001BB92E /* ViewController.m in Sources */,
			);
			runOnlyForDeploymentPostprocessing = 0;
		};
/* End PBXSourcesBuildPhase section */

/* Begin PBXVariantGroup section */
		3A43DB9016042611001BB92E /* InfoPlist.strings */ = {
			isa = PBXVariantGroup;
			children = (
				3A43DB9116042611001BB92E /* en */,
			);
			name = InfoPlist.strings;
			sourceTree = "<group>";
		};
		3A43DB9C16042611001BB92E /* ViewController.xib */ = {
			isa = PBXVariantGroup;
			children = (
				3A43DB9D16042611001BB92E /* en */,
			);
			name = ViewController.xib;
			sourceTree = "<group>";
		};
/* End PBXVariantGroup section */

/* Begin XCBuildConfiguration section */
		3A43DB9F16042611001BB92E /* Debug */ = {
			isa = XCBuildConfiguration;
			buildSettings = {
				ALWAYS_SEARCH_USER_PATHS = NO;
				ARCHS = "$(ARCHS_STANDARD_32_BIT)";
				CLANG_CXX_LANGUAGE_STANDARD = "gnu++0x";
				CLANG_WARN__DUPLICATE_METHOD_MATCH = YES;
				"CODE_SIGN_IDENTITY[sdk=iphoneos*]" = "iPhone Developer";
				COPY_PHASE_STRIP = NO;
				GCC_C_LANGUAGE_STANDARD = gnu99;
				GCC_DYNAMIC_NO_PIC = NO;
				GCC_OPTIMIZATION_LEVEL = 0;
				GCC_PREPROCESSOR_DEFINITIONS = (
					"DEBUG=1",
					"$(inherited)",
				);
				GCC_SYMBOLS_PRIVATE_EXTERN = NO;
				GCC_VERSION = com.apple.compilers.llvm.clang.1_0;
				GCC_WARN_ABOUT_RETURN_TYPE = YES;
				GCC_WARN_UNINITIALIZED_AUTOS = YES;
				GCC_WARN_UNUSED_VARIABLE = YES;
				IPHONEOS_DEPLOYMENT_TARGET = 5.1;
				SDKROOT = iphoneos;
			};
			name = Debug;
		};
		3A43DBA016042611001BB92E /* Release */ = {
			isa = XCBuildConfiguration;
			buildSettings = {
				ALWAYS_SEARCH_USER_PATHS = NO;
				ARCHS = "$(ARCHS_STANDARD_32_BIT)";
				CLANG_CXX_LANGUAGE_STANDARD = "gnu++0x";
				CLANG_WARN__DUPLICATE_METHOD_MATCH = YES;
				"CODE_SIGN_IDENTITY[sdk=iphoneos*]" = "iPhone Developer";
				COPY_PHASE_STRIP = YES;
				GCC_C_LANGUAGE_STANDARD = gnu99;
				GCC_VERSION = com.apple.compilers.llvm.clang.1_0;
				GCC_WARN_ABOUT_RETURN_TYPE = YES;
				GCC_WARN_UNINITIALIZED_AUTOS = YES;
				GCC_WARN_UNUSED_VARIABLE = YES;
				IPHONEOS_DEPLOYMENT_TARGET = 5.1;
				OTHER_CFLAGS = "-DNS_BLOCK_ASSERTIONS=1";
				SDKROOT = iphoneos;
				VALIDATE_PRODUCT = YES;
			};
			name = Release;
		};
		3A43DBA216042611001BB92E /* Debug */ = {
			isa = XCBuildConfiguration;
			buildSettings = {
				GCC_PRECOMPILE_PREFIX_HEADER = YES;
				GCC_PREFIX_HEADER = "AOCweek4/AOCweek4-Prefix.pch";
				INFOPLIST_FILE = "AOCweek4/AOCweek4-Info.plist";
				PRODUCT_NAME = "$(TARGET_NAME)";
				WRAPPER_EXTENSION = app;
			};
			name = Debug;
		};
		3A43DBA316042611001BB92E /* Release */ = {
			isa = XCBuildConfiguration;
			buildSettings = {
				GCC_PRECOMPILE_PREFIX_HEADER = YES;
				GCC_PREFIX_HEADER = "AOCweek4/AOCweek4-Prefix.pch";
				INFOPLIST_FILE = "AOCweek4/AOCweek4-Info.plist";
				PRODUCT_NAME = "$(TARGET_NAME)";
				WRAPPER_EXTENSION = app;
			};
			name = Release;
		};
/* End XCBuildConfiguration section */

/* Begin XCConfigurationList section */
		3A43DB7D16042611001BB92E /* Build configuration list for PBXProject "AOCweek4" */ = {
			isa = XCConfigurationList;
			buildConfigurations = (
				3A43DB9F16042611001BB92E /* Debug */,
				3A43DBA016042611001BB92E /* Release */,
			);
			defaultConfigurationIsVisible = 0;
			defaultConfigurationName = Release;
		};
		3A43DBA116042611001BB92E /* Build configuration list for PBXNativeTarget "AOCweek4" */ = {
			isa = XCConfigurationList;
			buildConfigurations = (
				3A43DBA216042611001BB92E /* Debug */,
				3A43DBA316042611001BB92E /* Release */,
			);
			defaultConfigurationIsVisible = 0;
		};
/* End XCConfigurationList section */
	};
	rootObject = 3A43DB7A16042611001BB92E /* Project object */;
}
